
Microsoft Visual Studio Solution File, Format Version 12.00
# Visual Studio Version 16
VisualStudioVersion = 16.0.31205.134
MinimumVisualStudioVersion = 10.0.40219.1
Project("{FAE04EC0-301F-11D3-BF4B-00C04F79EFBC}") = "programmingproject2", "programmingproject2\programmingproject2.csproj", "{6EFD5099-31CB-4001-802A-578B4A0ED4F6}"
EndProject
Global
	GlobalSection(SolutionConfigurationPlatforms) = preSolution
		Debug|Any CPU = Debug|Any CPU
		Release|Any CPU = Release|Any CPU
	EndGlobalSection
	GlobalSection(ProjectConfigurationPlatforms) = postSolution
		{6EFD5099-31CB-4001-802A-578B4A0ED4F6}.Debug|Any CPU.ActiveCfg = Debug|Any CPU
		{6EFD5099-31CB-4001-802A-578B4A0ED4F6}.Debug|Any CPU.Build.0 = Debug|Any CPU
		{6EFD5099-31CB-4001-802A-578B4A0ED4F6}.Release|Any CPU.ActiveCfg = Release|Any CPU
		{6EFD5099-31CB-4001-802A-578B4A0ED4F6}.Release|Any CPU.Build.0 = Release|Any CPU
	EndGlobalSection
	GlobalSection(SolutionProperties) = preSolution
		HideSolutionNode = FALSE
	EndGlobalSection
	GlobalSection(ExtensibilityGlobals) = postSolution
		SolutionGuid = {6ACAD08C-F95B-44F1-9668-A08891BE281E}
	EndGlobalSection
EndGlobal
